// !$*UTF8*$!
{
	archiveVersion = 1;
	classes = {
	};
	objectVersion = 46;
	objects = {

/* Begin PBXBuildFile section */
		A0A993961DE88DB000162835 /* Main.storyboard in Resources */ = {isa = PBXBuildFile; fileRef = A0A993951DE88DB000162835 /* Main.storyboard */; };
		A0D113961DE3380900912973 /* DatabaseHelper.swift in Sources */ = {isa = PBXBuildFile; fileRef = A0D113951DE3380900912973 /* DatabaseHelper.swift */; };
		A0D5EB621DE89B5300EC76D3 /* README.md in Sources */ = {isa = PBXBuildFile; fileRef = A0D5EB611DE89B5300EC76D3 /* README.md */; };
		A0FDE2E01DE1AF870006A988 /* AppDelegate.swift in Sources */ = {isa = PBXBuildFile; fileRef = A0FDE2DF1DE1AF870006A988 /* AppDelegate.swift */; };
		A0FDE2E21DE1AF870006A988 /* ViewController.swift in Sources */ = {isa = PBXBuildFile; fileRef = A0FDE2E11DE1AF870006A988 /* ViewController.swift */; };
		A0FDE2E71DE1AF870006A988 /* Assets.xcassets in Resources */ = {isa = PBXBuildFile; fileRef = A0FDE2E61DE1AF870006A988 /* Assets.xcassets */; };
		A0FDE2EA1DE1AF870006A988 /* LaunchScreen.storyboard in Resources */ = {isa = PBXBuildFile; fileRef = A0FDE2E81DE1AF870006A988 /* LaunchScreen.storyboard */; };
		A0FDE3091DE1C5220006A988 /* SQLite.framework in Frameworks */ = {isa = PBXBuildFile; fileRef = A0FDE2FC1DE1C4AD0006A988 /* SQLite.framework */; };
		A0FDE30B1DE1C8520006A988 /* CustomCell.swift in Sources */ = {isa = PBXBuildFile; fileRef = A0FDE30A1DE1C8520006A988 /* CustomCell.swift */; };
/* End PBXBuildFile section */

/* Begin PBXContainerItemProxy section */
		A0FDE2FB1DE1C4AD0006A988 /* PBXContainerItemProxy */ = {
			isa = PBXContainerItemProxy;
			containerPortal = A0FDE2F11DE1C4AD0006A988 /* SQLite.xcodeproj */;
			proxyType = 2;
			remoteGlobalIDString = EE247AD31C3F04ED00AE3E12;
			remoteInfo = "SQLite iOS";
		};
		A0FDE2FD1DE1C4AD0006A988 /* PBXContainerItemProxy */ = {
			isa = PBXContainerItemProxy;
			containerPortal = A0FDE2F11DE1C4AD0006A988 /* SQLite.xcodeproj */;
			proxyType = 2;
			remoteGlobalIDString = EE247ADD1C3F04ED00AE3E12;
			remoteInfo = "SQLiteTests iOS";
		};
		A0FDE2FF1DE1C4AD0006A988 /* PBXContainerItemProxy */ = {
			isa = PBXContainerItemProxy;
			containerPortal = A0FDE2F11DE1C4AD0006A988 /* SQLite.xcodeproj */;
			proxyType = 2;
			remoteGlobalIDString = EE247B3C1C3F3ED000AE3E12;
			remoteInfo = "SQLite Mac";
		};
		A0FDE3011DE1C4AD0006A988 /* PBXContainerItemProxy */ = {
			isa = PBXContainerItemProxy;
			containerPortal = A0FDE2F11DE1C4AD0006A988 /* SQLite.xcodeproj */;
			proxyType = 2;
			remoteGlobalIDString = EE247B451C3F3ED000AE3E12;
			remoteInfo = "SQLiteTests Mac";
		};
		A0FDE3031DE1C4AD0006A988 /* PBXContainerItemProxy */ = {
			isa = PBXContainerItemProxy;
			containerPortal = A0FDE2F11DE1C4AD0006A988 /* SQLite.xcodeproj */;
			proxyType = 2;
			remoteGlobalIDString = 03A65E5A1C6BB0F50062603F;
			remoteInfo = "SQLite tvOS";
		};
		A0FDE3051DE1C4AD0006A988 /* PBXContainerItemProxy */ = {
			isa = PBXContainerItemProxy;
			containerPortal = A0FDE2F11DE1C4AD0006A988 /* SQLite.xcodeproj */;
			proxyType = 2;
			remoteGlobalIDString = 03A65E631C6BB0F60062603F;
			remoteInfo = "SQLiteTests tvOS";
		};
		A0FDE3071DE1C4AD0006A988 /* PBXContainerItemProxy */ = {
			isa = PBXContainerItemProxy;
			containerPortal = A0FDE2F11DE1C4AD0006A988 /* SQLite.xcodeproj */;
			proxyType = 2;
			remoteGlobalIDString = A121AC451CA35C79005A31D1;
			remoteInfo = "SQLite watchOS";
		};
/* End PBXContainerItemProxy section */

/* Begin PBXFileReference section */
		A0A993951DE88DB000162835 /* Main.storyboard */ = {isa = PBXFileReference; fileEncoding = 4; lastKnownFileType = file.storyboard; name = Main.storyboard; path = ../../../.Trash/Main.storyboard; sourceTree = "<group>"; };
		A0D113951DE3380900912973 /* DatabaseHelper.swift */ = {isa = PBXFileReference; fileEncoding = 4; lastKnownFileType = sourcecode.swift; path = DatabaseHelper.swift; sourceTree = "<group>"; };
		A0D5EB611DE89B5300EC76D3 /* README.md */ = {isa = PBXFileReference; fileEncoding = 4; lastKnownFileType = net.daringfireball.markdown; path = README.md; sourceTree = "<group>"; };
		A0FDE2DC1DE1AF870006A988 /* jillderon-pset4.app */ = {isa = PBXFileReference; explicitFileType = wrapper.application; includeInIndex = 0; path = "jillderon-pset4.app"; sourceTree = BUILT_PRODUCTS_DIR; };
		A0FDE2DF1DE1AF870006A988 /* AppDelegate.swift */ = {isa = PBXFileReference; lastKnownFileType = sourcecode.swift; path = AppDelegate.swift; sourceTree = "<group>"; };
		A0FDE2E11DE1AF870006A988 /* ViewController.swift */ = {isa = PBXFileReference; lastKnownFileType = sourcecode.swift; path = ViewController.swift; sourceTree = "<group>"; };
		A0FDE2E61DE1AF870006A988 /* Assets.xcassets */ = {isa = PBXFileReference; lastKnownFileType = folder.assetcatalog; path = Assets.xcassets; sourceTree = "<group>"; };
		A0FDE2E91DE1AF870006A988 /* Base */ = {isa = PBXFileReference; lastKnownFileType = file.storyboard; name = Base; path = Base.lproj/LaunchScreen.storyboard; sourceTree = "<group>"; };
		A0FDE2EB1DE1AF870006A988 /* Info.plist */ = {isa = PBXFileReference; lastKnownFileType = text.plist.xml; path = Info.plist; sourceTree = "<group>"; };
		A0FDE2F11DE1C4AD0006A988 /* SQLite.xcodeproj */ = {isa = PBXFileReference; lastKnownFileType = "wrapper.pb-project"; name = SQLite.xcodeproj; path = "External/SQLite.swift-master/SQLite.xcodeproj"; sourceTree = SOURCE_ROOT; };
		A0FDE30A1DE1C8520006A988 /* CustomCell.swift */ = {isa = PBXFileReference; fileEncoding = 4; lastKnownFileType = sourcecode.swift; path = CustomCell.swift; sourceTree = "<group>"; };
/* End PBXFileReference section */

/* Begin PBXFrameworksBuildPhase section */
		A0FDE2D91DE1AF870006A988 /* Frameworks */ = {
			isa = PBXFrameworksBuildPhase;
			buildActionMask = 2147483647;
			files = (
				A0FDE3091DE1C5220006A988 /* SQLite.framework in Frameworks */,
			);
			runOnlyForDeploymentPostprocessing = 0;
		};
/* End PBXFrameworksBuildPhase section */

/* Begin PBXGroup section */
		A0FDE2D31DE1AF870006A988 = {
			isa = PBXGroup;
			children = (
				A0FDE2DE1DE1AF870006A988 /* jillderon-pset4 */,
				A0FDE2DD1DE1AF870006A988 /* Products */,
			);
			sourceTree = "<group>";
		};
		A0FDE2DD1DE1AF870006A988 /* Products */ = {
			isa = PBXGroup;
			children = (
				A0FDE2DC1DE1AF870006A988 /* jillderon-pset4.app */,
			);
			name = Products;
			sourceTree = "<group>";
		};
		A0FDE2DE1DE1AF870006A988 /* jillderon-pset4 */ = {
			isa = PBXGroup;
			children = (
				A0FDE2DF1DE1AF870006A988 /* AppDelegate.swift */,
				A0FDE2E11DE1AF870006A988 /* ViewController.swift */,
				A0A993951DE88DB000162835 /* Main.storyboard */,
				A0D113951DE3380900912973 /* DatabaseHelper.swift */,
				A0FDE30A1DE1C8520006A988 /* CustomCell.swift */,
				A0FDE2E61DE1AF870006A988 /* Assets.xcassets */,
				A0FDE2E81DE1AF870006A988 /* LaunchScreen.storyboard */,
				A0FDE2EB1DE1AF870006A988 /* Info.plist */,
				A0FDE2F11DE1C4AD0006A988 /* SQLite.xcodeproj */,
				A0D5EB611DE89B5300EC76D3 /* README.md */,
			);
			path = "jillderon-pset4";
			sourceTree = "<group>";
		};
		A0FDE2F21DE1C4AD0006A988 /* Products */ = {
			isa = PBXGroup;
			children = (
				A0FDE2FC1DE1C4AD0006A988 /* SQLite.framework */,
				A0FDE2FE1DE1C4AD0006A988 /* SQLiteTests iOS.xctest */,
				A0FDE3001DE1C4AD0006A988 /* SQLite.framework */,
				A0FDE3021DE1C4AD0006A988 /* SQLiteTests Mac.xctest */,
				A0FDE3041DE1C4AD0006A988 /* SQLite.framework */,
				A0FDE3061DE1C4AD0006A988 /* SQLiteTests tvOS.xctest */,
				A0FDE3081DE1C4AD0006A988 /* SQLite.framework */,
			);
			name = Products;
			sourceTree = "<group>";
		};
/* End PBXGroup section */

/* Begin PBXNativeTarget section */
		A0FDE2DB1DE1AF870006A988 /* jillderon-pset4 */ = {
			isa = PBXNativeTarget;
			buildConfigurationList = A0FDE2EE1DE1AF870006A988 /* Build configuration list for PBXNativeTarget "jillderon-pset4" */;
			buildPhases = (
				A0FDE2D81DE1AF870006A988 /* Sources */,
				A0FDE2D91DE1AF870006A988 /* Frameworks */,
				A0FDE2DA1DE1AF870006A988 /* Resources */,
			);
			buildRules = (
			);
			dependencies = (
			);
			name = "jillderon-pset4";
			productName = "jillderon-pset4";
			productReference = A0FDE2DC1DE1AF870006A988 /* jillderon-pset4.app */;
			productType = "com.apple.product-type.application";
		};
/* End PBXNativeTarget section */

/* Begin PBXProject section */
		A0FDE2D41DE1AF870006A988 /* Project object */ = {
			isa = PBXProject;
			attributes = {
				LastSwiftUpdateCheck = 0810;
				LastUpgradeCheck = 0810;
				ORGANIZATIONNAME = "Jill de Ron";
				TargetAttributes = {
					A0FDE2DB1DE1AF870006A988 = {
						CreatedOnToolsVersion = 8.1;
						DevelopmentTeam = D4DP5K9TQ5;
						ProvisioningStyle = Automatic;
					};
				};
			};
			buildConfigurationList = A0FDE2D71DE1AF870006A988 /* Build configuration list for PBXProject "jillderon-pset4" */;
			compatibilityVersion = "Xcode 3.2";
			developmentRegion = English;
			hasScannedForEncodings = 0;
			knownRegions = (
				en,
				Base,
			);
			mainGroup = A0FDE2D31DE1AF870006A988;
			productRefGroup = A0FDE2DD1DE1AF870006A988 /* Products */;
			projectDirPath = "";
			projectReferences = (
				{
					ProductGroup = A0FDE2F21DE1C4AD0006A988 /* Products */;
					ProjectRef = A0FDE2F11DE1C4AD0006A988 /* SQLite.xcodeproj */;
				},
			);
			projectRoot = "";
			targets = (
				A0FDE2DB1DE1AF870006A988 /* jillderon-pset4 */,
			);
		};
/* End PBXProject section */

/* Begin PBXReferenceProxy section */
		A0FDE2FC1DE1C4AD0006A988 /* SQLite.framework */ = {
			isa = PBXReferenceProxy;
			fileType = wrapper.framework;
			path = SQLite.framework;
			remoteRef = A0FDE2FB1DE1C4AD0006A988 /* PBXContainerItemProxy */;
			sourceTree = BUILT_PRODUCTS_DIR;
		};
		A0FDE2FE1DE1C4AD0006A988 /* SQLiteTests iOS.xctest */ = {
			isa = PBXReferenceProxy;
			fileType = wrapper.cfbundle;
			path = "SQLiteTests iOS.xctest";
			remoteRef = A0FDE2FD1DE1C4AD0006A988 /* PBXContainerItemProxy */;
			sourceTree = BUILT_PRODUCTS_DIR;
		};
		A0FDE3001DE1C4AD0006A988 /* SQLite.framework */ = {
			isa = PBXReferenceProxy;
			fileType = wrapper.framework;
			path = SQLite.framework;
			remoteRef = A0FDE2FF1DE1C4AD0006A988 /* PBXContainerItemProxy */;
			sourceTree = BUILT_PRODUCTS_DIR;
		};
		A0FDE3021DE1C4AD0006A988 /* SQLiteTests Mac.xctest */ = {
			isa = PBXReferenceProxy;
			fileType = wrapper.cfbundle;
			path = "SQLiteTests Mac.xctest";
			remoteRef = A0FDE3011DE1C4AD0006A988 /* PBXContainerItemProxy */;
			sourceTree = BUILT_PRODUCTS_DIR;
		};
		A0FDE3041DE1C4AD0006A988 /* SQLite.framework */ = {
			isa = PBXReferenceProxy;
			fileType = wrapper.framework;
			path = SQLite.framework;
			remoteRef = A0FDE3031DE1C4AD0006A988 /* PBXContainerItemProxy */;
			sourceTree = BUILT_PRODUCTS_DIR;
		};
		A0FDE3061DE1C4AD0006A988 /* SQLiteTests tvOS.xctest */ = {
			isa = PBXReferenceProxy;
			fileType = wrapper.cfbundle;
			path = "SQLiteTests tvOS.xctest";
			remoteRef = A0FDE3051DE1C4AD0006A988 /* PBXContainerItemProxy */;
			sourceTree = BUILT_PRODUCTS_DIR;
		};
		A0FDE3081DE1C4AD0006A988 /* SQLite.framework */ = {
			isa = PBXReferenceProxy;
			fileType = wrapper.framework;
			path = SQLite.framework;
			remoteRef = A0FDE3071DE1C4AD0006A988 /* PBXContainerItemProxy */;
			sourceTree = BUILT_PRODUCTS_DIR;
		};
/* End PBXReferenceProxy section */

/* Begin PBXResourcesBuildPhase section */
		A0FDE2DA1DE1AF870006A988 /* Resources */ = {
			isa = PBXResourcesBuildPhase;
			buildActionMask = 2147483647;
			files = (
				A0A993961DE88DB000162835 /* Main.storyboard in Resources */,
				A0FDE2EA1DE1AF870006A988 /* LaunchScreen.storyboard in Resources */,
				A0FDE2E71DE1AF870006A988 /* Assets.xcassets in Resources */,
			);
			runOnlyForDeploymentPostprocessing = 0;
		};
/* End PBXResourcesBuildPhase section */

/* Begin PBXSourcesBuildPhase section */
		A0FDE2D81DE1AF870006A988 /* Sources */ = {
			isa = PBXSourcesBuildPhase;
			buildActionMask = 2147483647;
			files = (
				A0D113961DE3380900912973 /* DatabaseHelper.swift in Sources */,
				A0FDE2E21DE1AF870006A988 /* ViewController.swift in Sources */,
				A0D5EB621DE89B5300EC76D3 /* README.md in Sources */,
				A0FDE30B1DE1C8520006A988 /* CustomCell.swift in Sources */,
				A0FDE2E01DE1AF870006A988 /* AppDelegate.swift in Sources */,
			);
			runOnlyForDeploymentPostprocessing = 0;
		};
/* End PBXSourcesBuildPhase section */

/* Begin PBXVariantGroup section */
		A0FDE2E81DE1AF870006A988 /* LaunchScreen.storyboard */ = {
			isa = PBXVariantGroup;
			children = (
				A0FDE2E91DE1AF870006A988 /* Base */,
			);
			name = LaunchScreen.storyboard;
			sourceTree = "<group>";
		};
/* End PBXVariantGroup section */

/* Begin XCBuildConfiguration section */
		A0FDE2EC1DE1AF870006A988 /* Debug */ = {
			isa = XCBuildConfiguration;
			buildSettings = {
				ALWAYS_SEARCH_USER_PATHS = NO;
				CLANG_ANALYZER_NONNULL = YES;
				CLANG_CXX_LANGUAGE_STANDARD = "gnu++0x";
				CLANG_CXX_LIBRARY = "libc++";
				CLANG_ENABLE_MODULES = YES;
				CLANG_ENABLE_OBJC_ARC = YES;
				CLANG_WARN_BOOL_CONVERSION = YES;
				CLANG_WARN_CONSTANT_CONVERSION = YES;
				CLANG_WARN_DIRECT_OBJC_ISA_USAGE = YES_ERROR;
				CLANG_WARN_DOCUMENTATION_COMMENTS = YES;
				CLANG_WARN_EMPTY_BODY = YES;
				CLANG_WARN_ENUM_CONVERSION = YES;
				CLANG_WARN_INFINITE_RECURSION = YES;
				CLANG_WARN_INT_CONVERSION = YES;
				CLANG_WARN_OBJC_ROOT_CLASS = YES_ERROR;
				CLANG_WARN_SUSPICIOUS_MOVE = YES;
				CLANG_WARN_SUSPICIOUS_MOVES = YES;
				CLANG_WARN_UNREACHABLE_CODE = YES;
				CLANG_WARN__DUPLICATE_METHOD_MATCH = YES;
				"CODE_SIGN_IDENTITY[sdk=iphoneos*]" = "iPhone Developer";
				COPY_PHASE_STRIP = NO;
				DEBUG_INFORMATION_FORMAT = dwarf;
				ENABLE_STRICT_OBJC_MSGSEND = YES;
				ENABLE_TESTABILITY = YES;
				GCC_C_LANGUAGE_STANDARD = gnu99;
				GCC_DYNAMIC_NO_PIC = NO;
				GCC_NO_COMMON_BLOCKS = YES;
				GCC_OPTIMIZATION_LEVEL = 0;
				GCC_PREPROCESSOR_DEFINITIONS = (
					"DEBUG=1",
					"$(inherited)",
				);
				GCC_WARN_64_TO_32_BIT_CONVERSION = YES;
				GCC_WARN_ABOUT_RETURN_TYPE = YES_ERROR;
				GCC_WARN_UNDECLARED_SELECTOR = YES;
				GCC_WARN_UNINITIALIZED_AUTOS = YES_AGGRESSIVE;
				GCC_WARN_UNUSED_FUNCTION = YES;
				GCC_WARN_UNUSED_VARIABLE = YES;
				IPHONEOS_DEPLOYMENT_TARGET = 10.1;
				MTL_ENABLE_DEBUG_INFO = YES;
				ONLY_ACTIVE_ARCH = YES;
				SDKROOT = iphoneos;
				SWIFT_ACTIVE_COMPILATION_CONDITIONS = DEBUG;
				SWIFT_OPTIMIZATION_LEVEL = "-Onone";
				TARGETED_DEVICE_FAMILY = "1,2";
			};
			name = Debug;
		};
		A0FDE2ED1DE1AF870006A988 /* Release */ = {
			isa = XCBuildConfiguration;
			buildSettings = {
				ALWAYS_SEARCH_USER_PATHS = NO;
				CLANG_ANALYZER_NONNULL = YES;
				CLANG_CXX_LANGUAGE_STANDARD = "gnu++0x";
				CLANG_CXX_LIBRARY = "libc++";
				CLANG_ENABLE_MODULES = YES;
				CLANG_ENABLE_OBJC_ARC = YES;
				CLANG_WARN_BOOL_CONVERSION = YES;
				CLANG_WARN_CONSTANT_CONVERSION = YES;
				CLANG_WARN_DIRECT_OBJC_ISA_USAGE = YES_ERROR;
				CLANG_WARN_DOCUMENTATION_COMMENTS = YES;
				CLANG_WARN_EMPTY_BODY = YES;
				CLANG_WARN_ENUM_CONVERSION = YES;
				CLANG_WARN_INFINITE_RECURSION = YES;
				CLANG_WARN_INT_CONVERSION = YES;
				CLANG_WARN_OBJC_ROOT_CLASS = YES_ERROR;
				CLANG_WARN_SUSPICIOUS_MOVE = YES;
				CLANG_WARN_SUSPICIOUS_MOVES = YES;
				CLANG_WARN_UNREACHABLE_CODE = YES;
				CLANG_WARN__DUPLICATE_METHOD_MATCH = YES;
				"CODE_SIGN_IDENTITY[sdk=iphoneos*]" = "iPhone Developer";
				COPY_PHASE_STRIP = NO;
				DEBUG_INFORMATION_FORMAT = "dwarf-with-dsym";
				ENABLE_NS_ASSERTIONS = NO;
				ENABLE_STRICT_OBJC_MSGSEND = YES;
				GCC_C_LANGUAGE_STANDARD = gnu99;
				GCC_NO_COMMON_BLOCKS = YES;
				GCC_WARN_64_TO_32_BIT_CONVERSION = YES;
				GCC_WARN_ABOUT_RETURN_TYPE = YES_ERROR;
				GCC_WARN_UNDECLARED_SELECTOR = YES;
				GCC_WARN_UNINITIALIZED_AUTOS = YES_AGGRESSIVE;
				GCC_WARN_UNUSED_FUNCTION = YES;
				GCC_WARN_UNUSED_VARIABLE = YES;
				IPHONEOS_DEPLOYMENT_TARGET = 10.1;
				MTL_ENABLE_DEBUG_INFO = NO;
				SDKROOT = iphoneos;
				SWIFT_OPTIMIZATION_LEVEL = "-Owholemodule";
				TARGETED_DEVICE_FAMILY = "1,2";
				VALIDATE_PRODUCT = YES;
			};
			name = Release;
		};
		A0FDE2EF1DE1AF870006A988 /* Debug */ = {
			isa = XCBuildConfiguration;
			buildSettings = {
				ASSETCATALOG_COMPILER_APPICON_NAME = AppIcon;
				DEVELOPMENT_TEAM = D4DP5K9TQ5;
				INFOPLIST_FILE = "jillderon-pset4/Info.plist";
				LD_RUNPATH_SEARCH_PATHS = "$(inherited) @executable_path/Frameworks";
				PRODUCT_BUNDLE_IDENTIFIER = "nl.mprog.jillderon-pset4";
				PRODUCT_NAME = "$(TARGET_NAME)";
				SWIFT_VERSION = 3.0;
			};
			name = Debug;
		};
		A0FDE2F01DE1AF870006A988 /* Release */ = {
			isa = XCBuildConfiguration;
			buildSettings = {
				ASSETCATALOG_COMPILER_APPICON_NAME = AppIcon;
				DEVELOPMENT_TEAM = D4DP5K9TQ5;
				INFOPLIST_FILE = "jillderon-pset4/Info.plist";
				LD_RUNPATH_SEARCH_PATHS = "$(inherited) @executable_path/Frameworks";
				PRODUCT_BUNDLE_IDENTIFIER = "nl.mprog.jillderon-pset4";
				PRODUCT_NAME = "$(TARGET_NAME)";
				SWIFT_VERSION = 3.0;
			};
			name = Release;
		};
/* End XCBuildConfiguration section */

/* Begin XCConfigurationList section */
		A0FDE2D71DE1AF870006A988 /* Build configuration list for PBXProject "jillderon-pset4" */ = {
			isa = XCConfigurationList;
			buildConfigurations = (
				A0FDE2EC1DE1AF870006A988 /* Debug */,
				A0FDE2ED1DE1AF870006A988 /* Release */,
			);
			defaultConfigurationIsVisible = 0;
			defaultConfigurationName = Release;
		};
		A0FDE2EE1DE1AF870006A988 /* Build configuration list for PBXNativeTarget "jillderon-pset4" */ = {
			isa = XCConfigurationList;
			buildConfigurations = (
				A0FDE2EF1DE1AF870006A988 /* Debug */,
				A0FDE2F01DE1AF870006A988 /* Release */,
			);
			defaultConfigurationIsVisible = 0;
			defaultConfigurationName = Release;
		};
/* End XCConfigurationList section */
	};
	rootObject = A0FDE2D41DE1AF870006A988 /* Project object */;
}
